// !$*UTF8*$!
{
	archiveVersion = 1;
	classes = {
	};
	objectVersion = 56;
	objects = {

/* Begin PBXBuildFile section */
		5BBE04B92B9569FE00E078B1 /* AppDelegate.swift in Sources */ = {isa = PBXBuildFile; fileRef = 5BBE04B82B9569FE00E078B1 /* AppDelegate.swift */; };
		5BBE04BB2B9569FE00E078B1 /* SceneDelegate.swift in Sources */ = {isa = PBXBuildFile; fileRef = 5BBE04BA2B9569FE00E078B1 /* SceneDelegate.swift */; };
		5BBE04C02B9569FE00E078B1 /* Main.storyboard in Resources */ = {isa = PBXBuildFile; fileRef = 5BBE04BE2B9569FE00E078B1 /* Main.storyboard */; };
		5BBE04C22B956A0000E078B1 /* Assets.xcassets in Resources */ = {isa = PBXBuildFile; fileRef = 5BBE04C12B956A0000E078B1 /* Assets.xcassets */; };
		5BBE04C52B956A0000E078B1 /* LaunchScreen.storyboard in Resources */ = {isa = PBXBuildFile; fileRef = 5BBE04C32B956A0000E078B1 /* LaunchScreen.storyboard */; };
		5BBE04EA2B956B2400E078B1 /* Pokemon.swift in Sources */ = {isa = PBXBuildFile; fileRef = 5BBE04E92B956B2400E078B1 /* Pokemon.swift */; };
		5BBE04EC2B956B7500E078B1 /* PokemonDataManager.swift in Sources */ = {isa = PBXBuildFile; fileRef = 5BBE04EB2B956B7500E078B1 /* PokemonDataManager.swift */; };
		5BBE04EE2B956C0D00E078B1 /* PokemonViewController.swift in Sources */ = {isa = PBXBuildFile; fileRef = 5BBE04ED2B956C0D00E078B1 /* PokemonViewController.swift */; };
		5BBE04F02B956C3D00E078B1 /* PokemonDetailedViewController.swift in Sources */ = {isa = PBXBuildFile; fileRef = 5BBE04EF2B956C3D00E078B1 /* PokemonDetailedViewController.swift */; };
		5BBE04F42B95829D00E078B1 /* PokemonCell.swift in Sources */ = {isa = PBXBuildFile; fileRef = 5BBE04F32B95829D00E078B1 /* PokemonCell.swift */; };
/* End PBXBuildFile section */

/* Begin PBXFileReference section */
		5BBE04B52B9569FE00E078B1 /* PokemonDetailP1.app */ = {isa = PBXFileReference; explicitFileType = wrapper.application; includeInIndex = 0; path = PokemonDetailP1.app; sourceTree = BUILT_PRODUCTS_DIR; };
		5BBE04B82B9569FE00E078B1 /* AppDelegate.swift */ = {isa = PBXFileReference; lastKnownFileType = sourcecode.swift; path = AppDelegate.swift; sourceTree = "<group>"; };
		5BBE04BA2B9569FE00E078B1 /* SceneDelegate.swift */ = {isa = PBXFileReference; lastKnownFileType = sourcecode.swift; path = SceneDelegate.swift; sourceTree = "<group>"; };
		5BBE04BF2B9569FE00E078B1 /* Base */ = {isa = PBXFileReference; lastKnownFileType = file.storyboard; name = Base; path = Base.lproj/Main.storyboard; sourceTree = "<group>"; };
		5BBE04C12B956A0000E078B1 /* Assets.xcassets */ = {isa = PBXFileReference; lastKnownFileType = folder.assetcatalog; path = Assets.xcassets; sourceTree = "<group>"; };
		5BBE04C42B956A0000E078B1 /* Base */ = {isa = PBXFileReference; lastKnownFileType = file.storyboard; name = Base; path = Base.lproj/LaunchScreen.storyboard; sourceTree = "<group>"; };
		5BBE04C62B956A0000E078B1 /* Info.plist */ = {isa = PBXFileReference; lastKnownFileType = text.plist.xml; path = Info.plist; sourceTree = "<group>"; };
		5BBE04E92B956B2400E078B1 /* Pokemon.swift */ = {isa = PBXFileReference; lastKnownFileType = sourcecode.swift; path = Pokemon.swift; sourceTree = "<group>"; };
		5BBE04EB2B956B7500E078B1 /* PokemonDataManager.swift */ = {isa = PBXFileReference; lastKnownFileType = sourcecode.swift; path = PokemonDataManager.swift; sourceTree = "<group>"; };
		5BBE04ED2B956C0D00E078B1 /* PokemonViewController.swift */ = {isa = PBXFileReference; lastKnownFileType = sourcecode.swift; path = PokemonViewController.swift; sourceTree = "<group>"; };
		5BBE04EF2B956C3D00E078B1 /* PokemonDetailedViewController.swift */ = {isa = PBXFileReference; lastKnownFileType = sourcecode.swift; path = PokemonDetailedViewController.swift; sourceTree = "<group>"; };
		5BBE04F32B95829D00E078B1 /* PokemonCell.swift */ = {isa = PBXFileReference; lastKnownFileType = sourcecode.swift; path = PokemonCell.swift; sourceTree = "<group>"; };
/* End PBXFileReference section */

/* Begin PBXFrameworksBuildPhase section */
		5BBE04B22B9569FE00E078B1 /* Frameworks */ = {
			isa = PBXFrameworksBuildPhase;
			buildActionMask = 2147483647;
			files = (
			);
			runOnlyForDeploymentPostprocessing = 0;
		};
/* End PBXFrameworksBuildPhase section */

/* Begin PBXGroup section */
		5BBE04AC2B9569FE00E078B1 = {
			isa = PBXGroup;
			children = (
				5BBE04B72B9569FE00E078B1 /* PokemonDetailP1 */,
				5BBE04B62B9569FE00E078B1 /* Products */,
			);
			sourceTree = "<group>";
		};
		5BBE04B62B9569FE00E078B1 /* Products */ = {
			isa = PBXGroup;
			children = (
				5BBE04B52B9569FE00E078B1 /* PokemonDetailP1.app */,
			);
			name = Products;
			sourceTree = "<group>";
		};
		5BBE04B72B9569FE00E078B1 /* PokemonDetailP1 */ = {
			isa = PBXGroup;
			children = (
				5BBE04E82B956AEF00E078B1 /* Controller */,
				5BBE04E72B956AEA00E078B1 /* View */,
				5BBE04E62B956ADB00E078B1 /* Model */,
				5BBE04B82B9569FE00E078B1 /* AppDelegate.swift */,
				5BBE04BA2B9569FE00E078B1 /* SceneDelegate.swift */,
				5BBE04BE2B9569FE00E078B1 /* Main.storyboard */,
				5BBE04C12B956A0000E078B1 /* Assets.xcassets */,
				5BBE04C32B956A0000E078B1 /* LaunchScreen.storyboard */,
				5BBE04C62B956A0000E078B1 /* Info.plist */,
			);
			path = PokemonDetailP1;
			sourceTree = "<group>";
		};
		5BBE04E62B956ADB00E078B1 /* Model */ = {
			isa = PBXGroup;
			children = (
				5BBE04F32B95829D00E078B1 /* PokemonCell.swift */,
			);
			path = Model;
			sourceTree = "<group>";
		};
		5BBE04E72B956AEA00E078B1 /* View */ = {
			isa = PBXGroup;
			children = (
				5BBE04ED2B956C0D00E078B1 /* PokemonViewController.swift */,
				5BBE04EF2B956C3D00E078B1 /* PokemonDetailedViewController.swift */,
			);
			path = View;
			sourceTree = "<group>";
		};
		5BBE04E82B956AEF00E078B1 /* Controller */ = {
			isa = PBXGroup;
			children = (
				5BBE04E92B956B2400E078B1 /* Pokemon.swift */,
				5BBE04EB2B956B7500E078B1 /* PokemonDataManager.swift */,
			);
			path = Controller;
			sourceTree = "<group>";
		};
/* End PBXGroup section */

/* Begin PBXNativeTarget section */
		5BBE04B42B9569FE00E078B1 /* PokemonDetailP1 */ = {
			isa = PBXNativeTarget;
			buildConfigurationList = 5BBE04C92B956A0000E078B1 /* Build configuration list for PBXNativeTarget "PokemonDetailP1" */;
			buildPhases = (
				5BBE04B12B9569FE00E078B1 /* Sources */,
				5BBE04B22B9569FE00E078B1 /* Frameworks */,
				5BBE04B32B9569FE00E078B1 /* Resources */,
			);
			buildRules = (
			);
			dependencies = (
			);
			name = PokemonDetailP1;
			productName = PokemonDetailP1;
			productReference = 5BBE04B52B9569FE00E078B1 /* PokemonDetailP1.app */;
			productType = "com.apple.product-type.application";
		};
/* End PBXNativeTarget section */

/* Begin PBXProject section */
		5BBE04AD2B9569FE00E078B1 /* Project object */ = {
			isa = PBXProject;
			attributes = {
				BuildIndependentTargetsInParallel = 1;
				LastSwiftUpdateCheck = 1520;
				LastUpgradeCheck = 1520;
				TargetAttributes = {
					5BBE04B42B9569FE00E078B1 = {
						CreatedOnToolsVersion = 15.2;
					};
				};
			};
			buildConfigurationList = 5BBE04B02B9569FE00E078B1 /* Build configuration list for PBXProject "PokemonDetailP1" */;
			compatibilityVersion = "Xcode 14.0";
			developmentRegion = en;
			hasScannedForEncodings = 0;
			knownRegions = (
				en,
				Base,
			);
			mainGroup = 5BBE04AC2B9569FE00E078B1;
			productRefGroup = 5BBE04B62B9569FE00E078B1 /* Products */;
			projectDirPath = "";
			projectRoot = "";
			targets = (
				5BBE04B42B9569FE00E078B1 /* PokemonDetailP1 */,
			);
		};
/* End PBXProject section */

/* Begin PBXResourcesBuildPhase section */
		5BBE04B32B9569FE00E078B1 /* Resources */ = {
			isa = PBXResourcesBuildPhase;
			buildActionMask = 2147483647;
			files = (
				5BBE04C52B956A0000E078B1 /* LaunchScreen.storyboard in Resources */,
				5BBE04C22B956A0000E078B1 /* Assets.xcassets in Resources */,
				5BBE04C02B9569FE00E078B1 /* Main.storyboard in Resources */,
			);
			runOnlyForDeploymentPostprocessing = 0;
		};
/* End PBXResourcesBuildPhase section */

/* Begin PBXSourcesBuildPhase section */
		5BBE04B12B9569FE00E078B1 /* Sources */ = {
			isa = PBXSourcesBuildPhase;
			buildActionMask = 2147483647;
			files = (
				5BBE04EA2B956B2400E078B1 /* Pokemon.swift in Sources */,
				5BBE04EE2B956C0D00E078B1 /* PokemonViewController.swift in Sources */,
				5BBE04B92B9569FE00E078B1 /* AppDelegate.swift in Sources */,
				5BBE04EC2B956B7500E078B1 /* PokemonDataManager.swift in Sources */,
				5BBE04F02B956C3D00E078B1 /* PokemonDetailedViewController.swift in Sources */,
				5BBE04BB2B9569FE00E078B1 /* SceneDelegate.swift in Sources */,
				5BBE04F42B95829D00E078B1 /* PokemonCell.swift in Sources */,
			);
			runOnlyForDeploymentPostprocessing = 0;
		};
/* End PBXSourcesBuildPhase section */

/* Begin PBXVariantGroup section */
		5BBE04BE2B9569FE00E078B1 /* Main.storyboard */ = {
			isa = PBXVariantGroup;
			children = (
				5BBE04BF2B9569FE00E078B1 /* Base */,
			);
			name = Main.storyboard;
			sourceTree = "<group>";
		};
		5BBE04C32B956A0000E078B1 /* LaunchScreen.storyboard */ = {
			isa = PBXVariantGroup;
			children = (
				5BBE04C42B956A0000E078B1 /* Base */,
			);
			name = LaunchScreen.storyboard;
			sourceTree = "<group>";
		};
/* End PBXVariantGroup section */

/* Begin XCBuildConfiguration section */
		5BBE04C72B956A0000E078B1 /* Debug */ = {
			isa = XCBuildConfiguration;
			buildSettings = {
				ALWAYS_SEARCH_USER_PATHS = NO;
				ASSETCATALOG_COMPILER_GENERATE_SWIFT_ASSET_SYMBOL_EXTENSIONS = YES;
				CLANG_ANALYZER_NONNULL = YES;
				CLANG_ANALYZER_NUMBER_OBJECT_CONVERSION = YES_AGGRESSIVE;
				CLANG_CXX_LANGUAGE_STANDARD = "gnu++20";
				CLANG_ENABLE_MODULES = YES;
				CLANG_ENABLE_OBJC_ARC = YES;
				CLANG_ENABLE_OBJC_WEAK = YES;
				CLANG_WARN_BLOCK_CAPTURE_AUTORELEASING = YES;
				CLANG_WARN_BOOL_CONVERSION = YES;
				CLANG_WARN_COMMA = YES;
				CLANG_WARN_CONSTANT_CONVERSION = YES;
				CLANG_WARN_DEPRECATED_OBJC_IMPLEMENTATIONS = YES;
				CLANG_WARN_DIRECT_OBJC_ISA_USAGE = YES_ERROR;
				CLANG_WARN_DOCUMENTATION_COMMENTS = YES;
				CLANG_WARN_EMPTY_BODY = YES;
				CLANG_WARN_ENUM_CONVERSION = YES;
				CLANG_WARN_INFINITE_RECURSION = YES;
				CLANG_WARN_INT_CONVERSION = YES;
				CLANG_WARN_NON_LITERAL_NULL_CONVERSION = YES;
				CLANG_WARN_OBJC_IMPLICIT_RETAIN_SELF = YES;
				CLANG_WARN_OBJC_LITERAL_CONVERSION = YES;
				CLANG_WARN_OBJC_ROOT_CLASS = YES_ERROR;
				CLANG_WARN_QUOTED_INCLUDE_IN_FRAMEWORK_HEADER = YES;
				CLANG_WARN_RANGE_LOOP_ANALYSIS = YES;
				CLANG_WARN_STRICT_PROTOTYPES = YES;
				CLANG_WARN_SUSPICIOUS_MOVE = YES;
				CLANG_WARN_UNGUARDED_AVAILABILITY = YES_AGGRESSIVE;
				CLANG_WARN_UNREACHABLE_CODE = YES;
				CLANG_WARN__DUPLICATE_METHOD_MATCH = YES;
				COPY_PHASE_STRIP = NO;
				DEBUG_INFORMATION_FORMAT = dwarf;
				ENABLE_STRICT_OBJC_MSGSEND = YES;
				ENABLE_TESTABILITY = YES;
				ENABLE_USER_SCRIPT_SANDBOXING = YES;
				GCC_C_LANGUAGE_STANDARD = gnu17;
				GCC_DYNAMIC_NO_PIC = NO;
				GCC_NO_COMMON_BLOCKS = YES;
				GCC_OPTIMIZATION_LEVEL = 0;
				GCC_PREPROCESSOR_DEFINITIONS = (
					"DEBUG=1",
					"$(inherited)",
				);
				GCC_WARN_64_TO_32_BIT_CONVERSION = YES;
				GCC_WARN_ABOUT_RETURN_TYPE = YES_ERROR;
				GCC_WARN_UNDECLARED_SELECTOR = YES;
				GCC_WARN_UNINITIALIZED_AUTOS = YES_AGGRESSIVE;
				GCC_WARN_UNUSED_FUNCTION = YES;
				GCC_WARN_UNUSED_VARIABLE = YES;
				IPHONEOS_DEPLOYMENT_TARGET = 17.2;
				LOCALIZATION_PREFERS_STRING_CATALOGS = YES;
				MTL_ENABLE_DEBUG_INFO = INCLUDE_SOURCE;
				MTL_FAST_MATH = YES;
				ONLY_ACTIVE_ARCH = YES;
				SDKROOT = iphoneos;
				SWIFT_ACTIVE_COMPILATION_CONDITIONS = "DEBUG $(inherited)";
				SWIFT_OPTIMIZATION_LEVEL = "-Onone";
			};
			name = Debug;
		};
		5BBE04C82B956A0000E078B1 /* Release */ = {
			isa = XCBuildConfiguration;
			buildSettings = {
				ALWAYS_SEARCH_USER_PATHS = NO;
				ASSETCATALOG_COMPILER_GENERATE_SWIFT_ASSET_SYMBOL_EXTENSIONS = YES;
				CLANG_ANALYZER_NONNULL = YES;
				CLANG_ANALYZER_NUMBER_OBJECT_CONVERSION = YES_AGGRESSIVE;
				CLANG_CXX_LANGUAGE_STANDARD = "gnu++20";
				CLANG_ENABLE_MODULES = YES;
				CLANG_ENABLE_OBJC_ARC = YES;
				CLANG_ENABLE_OBJC_WEAK = YES;
				CLANG_WARN_BLOCK_CAPTURE_AUTORELEASING = YES;
				CLANG_WARN_BOOL_CONVERSION = YES;
				CLANG_WARN_COMMA = YES;
				CLANG_WARN_CONSTANT_CONVERSION = YES;
				CLANG_WARN_DEPRECATED_OBJC_IMPLEMENTATIONS = YES;
				CLANG_WARN_DIRECT_OBJC_ISA_USAGE = YES_ERROR;
				CLANG_WARN_DOCUMENTATION_COMMENTS = YES;
				CLANG_WARN_EMPTY_BODY = YES;
				CLANG_WARN_ENUM_CONVERSION = YES;
				CLANG_WARN_INFINITE_RECURSION = YES;
				CLANG_WARN_INT_CONVERSION = YES;
				CLANG_WARN_NON_LITERAL_NULL_CONVERSION = YES;
				CLANG_WARN_OBJC_IMPLICIT_RETAIN_SELF = YES;
				CLANG_WARN_OBJC_LITERAL_CONVERSION = YES;
				CLANG_WARN_OBJC_ROOT_CLASS = YES_ERROR;
				CLANG_WARN_QUOTED_INCLUDE_IN_FRAMEWORK_HEADER = YES;
				CLANG_WARN_RANGE_LOOP_ANALYSIS = YES;
				CLANG_WARN_STRICT_PROTOTYPES = YES;
				CLANG_WARN_SUSPICIOUS_MOVE = YES;
				CLANG_WARN_UNGUARDED_AVAILABILITY = YES_AGGRESSIVE;
				CLANG_WARN_UNREACHABLE_CODE = YES;
				CLANG_WARN__DUPLICATE_METHOD_MATCH = YES;
				COPY_PHASE_STRIP = NO;
				DEBUG_INFORMATION_FORMAT = "dwarf-with-dsym";
				ENABLE_NS_ASSERTIONS = NO;
				ENABLE_STRICT_OBJC_MSGSEND = YES;
				ENABLE_USER_SCRIPT_SANDBOXING = YES;
				GCC_C_LANGUAGE_STANDARD = gnu17;
				GCC_NO_COMMON_BLOCKS = YES;
				GCC_WARN_64_TO_32_BIT_CONVERSION = YES;
				GCC_WARN_ABOUT_RETURN_TYPE = YES_ERROR;
				GCC_WARN_UNDECLARED_SELECTOR = YES;
				GCC_WARN_UNINITIALIZED_AUTOS = YES_AGGRESSIVE;
				GCC_WARN_UNUSED_FUNCTION = YES;
				GCC_WARN_UNUSED_VARIABLE = YES;
				IPHONEOS_DEPLOYMENT_TARGET = 17.2;
				LOCALIZATION_PREFERS_STRING_CATALOGS = YES;
				MTL_ENABLE_DEBUG_INFO = NO;
				MTL_FAST_MATH = YES;
				SDKROOT = iphoneos;
				SWIFT_COMPILATION_MODE = wholemodule;
				VALIDATE_PRODUCT = YES;
			};
			name = Release;
		};
		5BBE04CA2B956A0000E078B1 /* Debug */ = {
			isa = XCBuildConfiguration;
			buildSettings = {
				ASSETCATALOG_COMPILER_APPICON_NAME = AppIcon;
				ASSETCATALOG_COMPILER_GLOBAL_ACCENT_COLOR_NAME = AccentColor;
				ASSETCATALOG_COMPILER_INCLUDE_ALL_APPICON_ASSETS = NO;
				CODE_SIGN_STYLE = Automatic;
				CURRENT_PROJECT_VERSION = 1;
				GENERATE_INFOPLIST_FILE = YES;
				INFOPLIST_FILE = PokemonDetailP1/Info.plist;
				INFOPLIST_KEY_CFBundleDisplayName = PokemonDetail;
				INFOPLIST_KEY_LSApplicationCategoryType = "public.app-category.entertainment";
				INFOPLIST_KEY_UIApplicationSupportsIndirectInputEvents = YES;
				INFOPLIST_KEY_UILaunchStoryboardName = LaunchScreen.storyboard;
				INFOPLIST_KEY_UIMainStoryboardFile = Main;
				INFOPLIST_KEY_UISupportedInterfaceOrientations_iPad = "UIInterfaceOrientationPortrait UIInterfaceOrientationPortraitUpsideDown UIInterfaceOrientationLandscapeLeft UIInterfaceOrientationLandscapeRight";
				INFOPLIST_KEY_UISupportedInterfaceOrientations_iPhone = "UIInterfaceOrientationPortrait UIInterfaceOrientationLandscapeLeft UIInterfaceOrientationLandscapeRight";
				LD_RUNPATH_SEARCH_PATHS = (
					"$(inherited)",
					"@executable_path/Frameworks",
				);
				MARKETING_VERSION = 1.0;
				PRODUCT_BUNDLE_IDENTIFIER = rcordoba.PokemonDetailP1;
				PRODUCT_NAME = "$(TARGET_NAME)";
				SUPPORTED_PLATFORMS = "iphoneos iphonesimulator";
				SUPPORTS_MACCATALYST = NO;
				SUPPORTS_MAC_DESIGNED_FOR_IPHONE_IPAD = NO;
				SUPPORTS_XR_DESIGNED_FOR_IPHONE_IPAD = NO;
				SWIFT_EMIT_LOC_STRINGS = YES;
				SWIFT_VERSION = 5.0;
				TARGETED_DEVICE_FAMILY = 1;
			};
			name = Debug;
		};
		5BBE04CB2B956A0000E078B1 /* Release */ = {
			isa = XCBuildConfiguration;
			buildSettings = {
				ASSETCATALOG_COMPILER_APPICON_NAME = AppIcon;
				ASSETCATALOG_COMPILER_GLOBAL_ACCENT_COLOR_NAME = AccentColor;
				ASSETCATALOG_COMPILER_INCLUDE_ALL_APPICON_ASSETS = NO;
				CODE_SIGN_STYLE = Automatic;
				CURRENT_PROJECT_VERSION = 1;
				GENERATE_INFOPLIST_FILE = YES;
				INFOPLIST_FILE = PokemonDetailP1/Info.plist;
				INFOPLIST_KEY_CFBundleDisplayName = PokemonDetail;
				INFOPLIST_KEY_LSApplicationCategoryType = "public.app-category.entertainment";
				INFOPLIST_KEY_UIApplicationSupportsIndirectInputEvents = YES;
				INFOPLIST_KEY_UILaunchStoryboardName = LaunchScreen.storyboard;
				INFOPLIST_KEY_UIMainStoryboardFile = Main;
				INFOPLIST_KEY_UISupportedInterfaceOrientations_iPad = "UIInterfaceOrientationPortrait UIInterfaceOrientationPortraitUpsideDown UIInterfaceOrientationLandscapeLeft UIInterfaceOrientationLandscapeRight";
				INFOPLIST_KEY_UISupportedInterfaceOrientations_iPhone = "UIInterfaceOrientationPortrait UIInterfaceOrientationLandscapeLeft UIInterfaceOrientationLandscapeRight";
				LD_RUNPATH_SEARCH_PATHS = (
					"$(inherited)",
					"@executable_path/Frameworks",
				);
				MARKETING_VERSION = 1.0;
				PRODUCT_BUNDLE_IDENTIFIER = rcordoba.PokemonDetailP1;
				PRODUCT_NAME = "$(TARGET_NAME)";
				SUPPORTED_PLATFORMS = "iphoneos iphonesimulator";
				SUPPORTS_MACCATALYST = NO;
				SUPPORTS_MAC_DESIGNED_FOR_IPHONE_IPAD = NO;
				SUPPORTS_XR_DESIGNED_FOR_IPHONE_IPAD = NO;
				SWIFT_EMIT_LOC_STRINGS = YES;
				SWIFT_VERSION = 5.0;
				TARGETED_DEVICE_FAMILY = 1;
			};
			name = Release;
		};
/* End XCBuildConfiguration section */

/* Begin XCConfigurationList section */
		5BBE04B02B9569FE00E078B1 /* Build configuration list for PBXProject "PokemonDetailP1" */ = {
			isa = XCConfigurationList;
			buildConfigurations = (
				5BBE04C72B956A0000E078B1 /* Debug */,
				5BBE04C82B956A0000E078B1 /* Release */,
			);
			defaultConfigurationIsVisible = 0;
			defaultConfigurationName = Release;
		};
		5BBE04C92B956A0000E078B1 /* Build configuration list for PBXNativeTarget "PokemonDetailP1" */ = {
			isa = XCConfigurationList;
			buildConfigurations = (
				5BBE04CA2B956A0000E078B1 /* Debug */,
				5BBE04CB2B956A0000E078B1 /* Release */,
			);
			defaultConfigurationIsVisible = 0;
			defaultConfigurationName = Release;
		};
/* End XCConfigurationList section */
	};
	rootObject = 5BBE04AD2B9569FE00E078B1 /* Project object */;
}
